// !$*UTF8*$!
{
	archiveVersion = 1;
	classes = {
	};
	objectVersion = 50;
	objects = {

/* Begin PBXBuildFile section */
		F966F6EC20F51EBC008F4DCA /* w6_at_home.cpp in Sources */ = {isa = PBXBuildFile; fileRef = F966F6E920F51EBC008F4DCA /* w6_at_home.cpp */; };
		F966F6ED20F51EBC008F4DCA /* Contact.cpp in Sources */ = {isa = PBXBuildFile; fileRef = F966F6EA20F51EBC008F4DCA /* Contact.cpp */; };
/* End PBXBuildFile section */

/* Begin PBXCopyFilesBuildPhase section */
		F966F6DD20F51EA1008F4DCA /* CopyFiles */ = {
			isa = PBXCopyFilesBuildPhase;
			buildActionMask = 2147483647;
			dstPath = /usr/share/man/man1/;
			dstSubfolderSpec = 0;
			files = (
			);
			runOnlyForDeploymentPostprocessing = 1;
		};
/* End PBXCopyFilesBuildPhase section */

/* Begin PBXFileReference section */
		F966F6DF20F51EA1008F4DCA /* ws6home */ = {isa = PBXFileReference; explicitFileType = "compiled.mach-o.executable"; includeInIndex = 0; path = ws6home; sourceTree = BUILT_PRODUCTS_DIR; };
		F966F6E920F51EBC008F4DCA /* w6_at_home.cpp */ = {isa = PBXFileReference; fileEncoding = 4; lastKnownFileType = sourcecode.cpp.cpp; name = w6_at_home.cpp; path = ../../w6_at_home.cpp; sourceTree = "<group>"; };
		F966F6EA20F51EBC008F4DCA /* Contact.cpp */ = {isa = PBXFileReference; fileEncoding = 4; lastKnownFileType = sourcecode.cpp.cpp; name = Contact.cpp; path = ../../Contact.cpp; sourceTree = "<group>"; };
		F966F6EB20F51EBC008F4DCA /* Contact.h */ = {isa = PBXFileReference; fileEncoding = 4; lastKnownFileType = sourcecode.c.h; name = Contact.h; path = ../../Contact.h; sourceTree = "<group>"; };
/* End PBXFileReference section */

/* Begin PBXFrameworksBuildPhase section */
		F966F6DC20F51EA1008F4DCA /* Frameworks */ = {
			isa = PBXFrameworksBuildPhase;
			buildActionMask = 2147483647;
			files = (
			);
			runOnlyForDeploymentPostprocessing = 0;
		};
/* End PBXFrameworksBuildPhase section */

/* Begin PBXGroup section */
		F966F6D620F51EA1008F4DCA = {
			isa = PBXGroup;
			children = (
				F966F6E120F51EA1008F4DCA /* ws6home */,
				F966F6E020F51EA1008F4DCA /* Products */,
			);
			sourceTree = "<group>";
		};
		F966F6E020F51EA1008F4DCA /* Products */ = {
			isa = PBXGroup;
			children = (
				F966F6DF20F51EA1008F4DCA /* ws6home */,
			);
			name = Products;
			sourceTree = "<group>";
		};
		F966F6E120F51EA1008F4DCA /* ws6home */ = {
			isa = PBXGroup;
			children = (
				F966F6EA20F51EBC008F4DCA /* Contact.cpp */,
				F966F6EB20F51EBC008F4DCA /* Contact.h */,
				F966F6E920F51EBC008F4DCA /* w6_at_home.cpp */,
			);
			path = ws6home;
			sourceTree = "<group>";
		};
/* End PBXGroup section */

/* Begin PBXNativeTarget section */
		F966F6DE20F51EA1008F4DCA /* ws6home */ = {
			isa = PBXNativeTarget;
			buildConfigurationList = F966F6E620F51EA1008F4DCA /* Build configuration list for PBXNativeTarget "ws6home" */;
			buildPhases = (
				F966F6DB20F51EA1008F4DCA /* Sources */,
				F966F6DC20F51EA1008F4DCA /* Frameworks */,
				F966F6DD20F51EA1008F4DCA /* CopyFiles */,
			);
			buildRules = (
			);
			dependencies = (
			);
			name = ws6home;
			productName = ws6home;
			productReference = F966F6DF20F51EA1008F4DCA /* ws6home */;
			productType = "com.apple.product-type.tool";
		};
/* End PBXNativeTarget section */

/* Begin PBXProject section */
		F966F6D720F51EA1008F4DCA /* Project object */ = {
			isa = PBXProject;
			attributes = {
				LastUpgradeCheck = 0930;
				ORGANIZATIONNAME = mon;
				TargetAttributes = {
					F966F6DE20F51EA1008F4DCA = {
						CreatedOnToolsVersion = 9.3.1;
					};
				};
			};
			buildConfigurationList = F966F6DA20F51EA1008F4DCA /* Build configuration list for PBXProject "ws6home" */;
			compatibilityVersion = "Xcode 9.3";
			developmentRegion = en;
			hasScannedForEncodings = 0;
			knownRegions = (
				en,
			);
			mainGroup = F966F6D620F51EA1008F4DCA;
			productRefGroup = F966F6E020F51EA1008F4DCA /* Products */;
			projectDirPath = "";
			projectRoot = "";
			targets = (
				F966F6DE20F51EA1008F4DCA /* ws6home */,
			);
		};
/* End PBXProject section */

/* Begin PBXSourcesBuildPhase section */
		F966F6DB20F51EA1008F4DCA /* Sources */ = {
			isa = PBXSourcesBuildPhase;
			buildActionMask = 2147483647;
			files = (
				F966F6ED20F51EBC008F4DCA /* Contact.cpp in Sources */,
				F966F6EC20F51EBC008F4DCA /* w6_at_home.cpp in Sources */,
			);
			runOnlyForDeploymentPostprocessing = 0;
		};
/* End PBXSourcesBuildPhase section */

/* Begin XCBuildConfiguration section */
		F966F6E420F51EA1008F4DCA /* Debug */ = {
			isa = XCBuildConfiguration;
			buildSettings = {
				ALWAYS_SEARCH_USER_PATHS = NO;
				CLANG_ANALYZER_NONNULL = YES;
				CLANG_ANALYZER_NUMBER_OBJECT_CONVERSION = YES_AGGRESSIVE;
				CLANG_CXX_LANGUAGE_STANDARD = "gnu++14";
				CLANG_CXX_LIBRARY = "libc++";
				CLANG_ENABLE_MODULES = YES;
				CLANG_ENABLE_OBJC_ARC = YES;
				CLANG_ENABLE_OBJC_WEAK = YES;
				CLANG_WARN_BLOCK_CAPTURE_AUTORELEASING = YES;
				CLANG_WARN_BOOL_CONVERSION = YES;
				CLANG_WARN_COMMA = YES;
				CLANG_WARN_CONSTANT_CONVERSION = YES;
				CLANG_WARN_DEPRECATED_OBJC_IMPLEMENTATIONS = YES;
				CLANG_WARN_DIRECT_OBJC_ISA_USAGE = YES_ERROR;
				CLANG_WARN_DOCUMENTATION_COMMENTS = YES;
				CLANG_WARN_EMPTY_BODY = YES;
				CLANG_WARN_ENUM_CONVERSION = YES;
				CLANG_WARN_INFINITE_RECURSION = YES;
				CLANG_WARN_INT_CONVERSION = YES;
				CLANG_WARN_NON_LITERAL_NULL_CONVERSION = YES;
				CLANG_WARN_OBJC_IMPLICIT_RETAIN_SELF = YES;
				CLANG_WARN_OBJC_LITERAL_CONVERSION = YES;
				CLANG_WARN_OBJC_ROOT_CLASS = YES_ERROR;
				CLANG_WARN_RANGE_LOOP_ANALYSIS = YES;
				CLANG_WARN_STRICT_PROTOTYPES = YES;
				CLANG_WARN_SUSPICIOUS_MOVE = YES;
				CLANG_WARN_UNGUARDED_AVAILABILITY = YES_AGGRESSIVE;
				CLANG_WARN_UNREACHABLE_CODE = YES;
				CLANG_WARN__DUPLICATE_METHOD_MATCH = YES;
				CODE_SIGN_IDENTITY = "-";
				COPY_PHASE_STRIP = NO;
				DEBUG_INFORMATION_FORMAT = dwarf;
				ENABLE_STRICT_OBJC_MSGSEND = YES;
				ENABLE_TESTABILITY = YES;
				GCC_C_LANGUAGE_STANDARD = gnu11;
				GCC_DYNAMIC_NO_PIC = NO;
				GCC_NO_COMMON_BLOCKS = YES;
				GCC_OPTIMIZATION_LEVEL = 0;
				GCC_PREPROCESSOR_DEFINITIONS = (
					"DEBUG=1",
					"$(inherited)",
				);
				GCC_WARN_64_TO_32_BIT_CONVERSION = YES;
				GCC_WARN_ABOUT_RETURN_TYPE = YES_ERROR;
				GCC_WARN_UNDECLARED_SELECTOR = YES;
				GCC_WARN_UNINITIALIZED_AUTOS = YES_AGGRESSIVE;
				GCC_WARN_UNUSED_FUNCTION = YES;
				GCC_WARN_UNUSED_VARIABLE = YES;
				MACOSX_DEPLOYMENT_TARGET = 10.13;
				MTL_ENABLE_DEBUG_INFO = YES;
				ONLY_ACTIVE_ARCH = YES;
				SDKROOT = macosx;
			};
			name = Debug;
		};
		F966F6E520F51EA1008F4DCA /* Release */ = {
			isa = XCBuildConfiguration;
			buildSettings = {
				ALWAYS_SEARCH_USER_PATHS = NO;
				CLANG_ANALYZER_NONNULL = YES;
				CLANG_ANALYZER_NUMBER_OBJECT_CONVERSION = YES_AGGRESSIVE;
				CLANG_CXX_LANGUAGE_STANDARD = "gnu++14";
				CLANG_CXX_LIBRARY = "libc++";
				CLANG_ENABLE_MODULES = YES;
				CLANG_ENABLE_OBJC_ARC = YES;
				CLANG_ENABLE_OBJC_WEAK = YES;
				CLANG_WARN_BLOCK_CAPTURE_AUTORELEASING = YES;
				CLANG_WARN_BOOL_CONVERSION = YES;
				CLANG_WARN_COMMA = YES;
				CLANG_WARN_CONSTANT_CONVERSION = YES;
				CLANG_WARN_DEPRECATED_OBJC_IMPLEMENTATIONS = YES;
				CLANG_WARN_DIRECT_OBJC_ISA_USAGE = YES_ERROR;
				CLANG_WARN_DOCUMENTATION_COMMENTS = YES;
				CLANG_WARN_EMPTY_BODY = YES;
				CLANG_WARN_ENUM_CONVERSION = YES;
				CLANG_WARN_INFINITE_RECURSION = YES;
				CLANG_WARN_INT_CONVERSION = YES;
				CLANG_WARN_NON_LITERAL_NULL_CONVERSION = YES;
				CLANG_WARN_OBJC_IMPLICIT_RETAIN_SELF = YES;
				CLANG_WARN_OBJC_LITERAL_CONVERSION = YES;
				CLANG_WARN_OBJC_ROOT_CLASS = YES_ERROR;
				CLANG_WARN_RANGE_LOOP_ANALYSIS = YES;
				CLANG_WARN_STRICT_PROTOTYPES = YES;
				CLANG_WARN_SUSPICIOUS_MOVE = YES;
				CLANG_WARN_UNGUARDED_AVAILABILITY = YES_AGGRESSIVE;
				CLANG_WARN_UNREACHABLE_CODE = YES;
				CLANG_WARN__DUPLICATE_METHOD_MATCH = YES;
				CODE_SIGN_IDENTITY = "-";
				COPY_PHASE_STRIP = NO;
				DEBUG_INFORMATION_FORMAT = "dwarf-with-dsym";
				ENABLE_NS_ASSERTIONS = NO;
				ENABLE_STRICT_OBJC_MSGSEND = YES;
				GCC_C_LANGUAGE_STANDARD = gnu11;
				GCC_NO_COMMON_BLOCKS = YES;
				GCC_WARN_64_TO_32_BIT_CONVERSION = YES;
				GCC_WARN_ABOUT_RETURN_TYPE = YES_ERROR;
				GCC_WARN_UNDECLARED_SELECTOR = YES;
				GCC_WARN_UNINITIALIZED_AUTOS = YES_AGGRESSIVE;
				GCC_WARN_UNUSED_FUNCTION = YES;
				GCC_WARN_UNUSED_VARIABLE = YES;
				MACOSX_DEPLOYMENT_TARGET = 10.13;
				MTL_ENABLE_DEBUG_INFO = NO;
				SDKROOT = macosx;
			};
			name = Release;
		};
		F966F6E720F51EA1008F4DCA /* Debug */ = {
			isa = XCBuildConfiguration;
			buildSettings = {
				CODE_SIGN_STYLE = Automatic;
				PRODUCT_NAME = "$(TARGET_NAME)";
			};
			name = Debug;
		};
		F966F6E820F51EA1008F4DCA /* Release */ = {
			isa = XCBuildConfiguration;
			buildSettings = {
				CODE_SIGN_STYLE = Automatic;
				PRODUCT_NAME = "$(TARGET_NAME)";
			};
			name = Release;
		};
/* End XCBuildConfiguration section */

/* Begin XCConfigurationList section */
		F966F6DA20F51EA1008F4DCA /* Build configuration list for PBXProject "ws6home" */ = {
			isa = XCConfigurationList;
			buildConfigurations = (
				F966F6E420F51EA1008F4DCA /* Debug */,
				F966F6E520F51EA1008F4DCA /* Release */,
			);
			defaultConfigurationIsVisible = 0;
			defaultConfigurationName = Release;
		};
		F966F6E620F51EA1008F4DCA /* Build configuration list for PBXNativeTarget "ws6home" */ = {
			isa = XCConfigurationList;
			buildConfigurations = (
				F966F6E720F51EA1008F4DCA /* Debug */,
				F966F6E820F51EA1008F4DCA /* Release */,
			);
			defaultConfigurationIsVisible = 0;
			defaultConfigurationName = Release;
		};
/* End XCConfigurationList section */
	};
	rootObject = F966F6D720F51EA1008F4DCA /* Project object */;
}
