// !$*UTF8*$!
{
	archiveVersion = 1;
	classes = {
	};
	objectVersion = 50;
	objects = {

/* Begin PBXBuildFile section */
		F966F7A721064651008F4DCA /* MyProduct.cpp in Sources */ = {isa = PBXBuildFile; fileRef = F966F7A521064650008F4DCA /* MyProduct.cpp */; };
		F966F7A821064651008F4DCA /* ms3_tester.cpp in Sources */ = {isa = PBXBuildFile; fileRef = F966F7A621064651008F4DCA /* ms3_tester.cpp */; };
		F966F7AB2106467F008F4DCA /* ErrorState.cpp in Sources */ = {isa = PBXBuildFile; fileRef = F966F7A92106467F008F4DCA /* ErrorState.cpp */; };
		F966F7B1210646F5008F4DCA /* Product.cpp in Sources */ = {isa = PBXBuildFile; fileRef = F966F7AF210646F5008F4DCA /* Product.cpp */; };
/* End PBXBuildFile section */

/* Begin PBXCopyFilesBuildPhase section */
		F966F7982106463E008F4DCA /* CopyFiles */ = {
			isa = PBXCopyFilesBuildPhase;
			buildActionMask = 2147483647;
			dstPath = /usr/share/man/man1/;
			dstSubfolderSpec = 0;
			files = (
			);
			runOnlyForDeploymentPostprocessing = 1;
		};
/* End PBXCopyFilesBuildPhase section */

/* Begin PBXFileReference section */
		F966F79A2106463E008F4DCA /* ms3 */ = {isa = PBXFileReference; explicitFileType = "compiled.mach-o.executable"; includeInIndex = 0; path = ms3; sourceTree = BUILT_PRODUCTS_DIR; };
		F966F7A421064650008F4DCA /* MyProduct.h */ = {isa = PBXFileReference; fileEncoding = 4; lastKnownFileType = sourcecode.c.h; name = MyProduct.h; path = ../../MyProduct.h; sourceTree = "<group>"; };
		F966F7A521064650008F4DCA /* MyProduct.cpp */ = {isa = PBXFileReference; fileEncoding = 4; lastKnownFileType = sourcecode.cpp.cpp; name = MyProduct.cpp; path = ../../MyProduct.cpp; sourceTree = "<group>"; };
		F966F7A621064651008F4DCA /* ms3_tester.cpp */ = {isa = PBXFileReference; fileEncoding = 4; lastKnownFileType = sourcecode.cpp.cpp; name = ms3_tester.cpp; path = ../../ms3_tester.cpp; sourceTree = "<group>"; };
		F966F7A92106467F008F4DCA /* ErrorState.cpp */ = {isa = PBXFileReference; fileEncoding = 4; lastKnownFileType = sourcecode.cpp.cpp; name = ErrorState.cpp; path = ../../ErrorState.cpp; sourceTree = "<group>"; };
		F966F7AA2106467F008F4DCA /* ErrorState.h */ = {isa = PBXFileReference; fileEncoding = 4; lastKnownFileType = sourcecode.c.h; name = ErrorState.h; path = ../../ErrorState.h; sourceTree = "<group>"; };
		F966F7AF210646F5008F4DCA /* Product.cpp */ = {isa = PBXFileReference; lastKnownFileType = sourcecode.cpp.cpp; name = Product.cpp; path = ../../Product.cpp; sourceTree = "<group>"; };
		F966F7B0210646F5008F4DCA /* Product.h */ = {isa = PBXFileReference; lastKnownFileType = sourcecode.c.h; name = Product.h; path = ../../Product.h; sourceTree = "<group>"; };
/* End PBXFileReference section */

/* Begin PBXFrameworksBuildPhase section */
		F966F7972106463E008F4DCA /* Frameworks */ = {
			isa = PBXFrameworksBuildPhase;
			buildActionMask = 2147483647;
			files = (
			);
			runOnlyForDeploymentPostprocessing = 0;
		};
/* End PBXFrameworksBuildPhase section */

/* Begin PBXGroup section */
		F966F7912106463E008F4DCA = {
			isa = PBXGroup;
			children = (
				F966F79C2106463E008F4DCA /* ms3 */,
				F966F79B2106463E008F4DCA /* Products */,
			);
			sourceTree = "<group>";
		};
		F966F79B2106463E008F4DCA /* Products */ = {
			isa = PBXGroup;
			children = (
				F966F79A2106463E008F4DCA /* ms3 */,
			);
			name = Products;
			sourceTree = "<group>";
		};
		F966F79C2106463E008F4DCA /* ms3 */ = {
			isa = PBXGroup;
			children = (
				F966F7A92106467F008F4DCA /* ErrorState.cpp */,
				F966F7AA2106467F008F4DCA /* ErrorState.h */,
				F966F7A621064651008F4DCA /* ms3_tester.cpp */,
				F966F7A521064650008F4DCA /* MyProduct.cpp */,
				F966F7A421064650008F4DCA /* MyProduct.h */,
				F966F7AF210646F5008F4DCA /* Product.cpp */,
				F966F7B0210646F5008F4DCA /* Product.h */,
			);
			path = ms3;
			sourceTree = "<group>";
		};
/* End PBXGroup section */

/* Begin PBXNativeTarget section */
		F966F7992106463E008F4DCA /* ms3 */ = {
			isa = PBXNativeTarget;
			buildConfigurationList = F966F7A12106463E008F4DCA /* Build configuration list for PBXNativeTarget "ms3" */;
			buildPhases = (
				F966F7962106463E008F4DCA /* Sources */,
				F966F7972106463E008F4DCA /* Frameworks */,
				F966F7982106463E008F4DCA /* CopyFiles */,
			);
			buildRules = (
			);
			dependencies = (
			);
			name = ms3;
			productName = ms3;
			productReference = F966F79A2106463E008F4DCA /* ms3 */;
			productType = "com.apple.product-type.tool";
		};
/* End PBXNativeTarget section */

/* Begin PBXProject section */
		F966F7922106463E008F4DCA /* Project object */ = {
			isa = PBXProject;
			attributes = {
				LastUpgradeCheck = 0930;
				ORGANIZATIONNAME = mon;
				TargetAttributes = {
					F966F7992106463E008F4DCA = {
						CreatedOnToolsVersion = 9.3.1;
					};
				};
			};
			buildConfigurationList = F966F7952106463E008F4DCA /* Build configuration list for PBXProject "ms3" */;
			compatibilityVersion = "Xcode 9.3";
			developmentRegion = en;
			hasScannedForEncodings = 0;
			knownRegions = (
				en,
			);
			mainGroup = F966F7912106463E008F4DCA;
			productRefGroup = F966F79B2106463E008F4DCA /* Products */;
			projectDirPath = "";
			projectRoot = "";
			targets = (
				F966F7992106463E008F4DCA /* ms3 */,
			);
		};
/* End PBXProject section */

/* Begin PBXSourcesBuildPhase section */
		F966F7962106463E008F4DCA /* Sources */ = {
			isa = PBXSourcesBuildPhase;
			buildActionMask = 2147483647;
			files = (
				F966F7AB2106467F008F4DCA /* ErrorState.cpp in Sources */,
				F966F7B1210646F5008F4DCA /* Product.cpp in Sources */,
				F966F7A821064651008F4DCA /* ms3_tester.cpp in Sources */,
				F966F7A721064651008F4DCA /* MyProduct.cpp in Sources */,
			);
			runOnlyForDeploymentPostprocessing = 0;
		};
/* End PBXSourcesBuildPhase section */

/* Begin XCBuildConfiguration section */
		F966F79F2106463E008F4DCA /* Debug */ = {
			isa = XCBuildConfiguration;
			buildSettings = {
				ALWAYS_SEARCH_USER_PATHS = NO;
				CLANG_ANALYZER_NONNULL = YES;
				CLANG_ANALYZER_NUMBER_OBJECT_CONVERSION = YES_AGGRESSIVE;
				CLANG_CXX_LANGUAGE_STANDARD = "gnu++14";
				CLANG_CXX_LIBRARY = "libc++";
				CLANG_ENABLE_MODULES = YES;
				CLANG_ENABLE_OBJC_ARC = YES;
				CLANG_ENABLE_OBJC_WEAK = YES;
				CLANG_WARN_BLOCK_CAPTURE_AUTORELEASING = YES;
				CLANG_WARN_BOOL_CONVERSION = YES;
				CLANG_WARN_COMMA = YES;
				CLANG_WARN_CONSTANT_CONVERSION = YES;
				CLANG_WARN_DEPRECATED_OBJC_IMPLEMENTATIONS = YES;
				CLANG_WARN_DIRECT_OBJC_ISA_USAGE = YES_ERROR;
				CLANG_WARN_DOCUMENTATION_COMMENTS = YES;
				CLANG_WARN_EMPTY_BODY = YES;
				CLANG_WARN_ENUM_CONVERSION = YES;
				CLANG_WARN_INFINITE_RECURSION = YES;
				CLANG_WARN_INT_CONVERSION = YES;
				CLANG_WARN_NON_LITERAL_NULL_CONVERSION = YES;
				CLANG_WARN_OBJC_IMPLICIT_RETAIN_SELF = YES;
				CLANG_WARN_OBJC_LITERAL_CONVERSION = YES;
				CLANG_WARN_OBJC_ROOT_CLASS = YES_ERROR;
				CLANG_WARN_RANGE_LOOP_ANALYSIS = YES;
				CLANG_WARN_STRICT_PROTOTYPES = YES;
				CLANG_WARN_SUSPICIOUS_MOVE = YES;
				CLANG_WARN_UNGUARDED_AVAILABILITY = YES_AGGRESSIVE;
				CLANG_WARN_UNREACHABLE_CODE = YES;
				CLANG_WARN__DUPLICATE_METHOD_MATCH = YES;
				CODE_SIGN_IDENTITY = "-";
				COPY_PHASE_STRIP = NO;
				DEBUG_INFORMATION_FORMAT = dwarf;
				ENABLE_STRICT_OBJC_MSGSEND = YES;
				ENABLE_TESTABILITY = YES;
				GCC_C_LANGUAGE_STANDARD = gnu11;
				GCC_DYNAMIC_NO_PIC = NO;
				GCC_NO_COMMON_BLOCKS = YES;
				GCC_OPTIMIZATION_LEVEL = 0;
				GCC_PREPROCESSOR_DEFINITIONS = (
					"DEBUG=1",
					"$(inherited)",
				);
				GCC_WARN_64_TO_32_BIT_CONVERSION = YES;
				GCC_WARN_ABOUT_RETURN_TYPE = YES_ERROR;
				GCC_WARN_UNDECLARED_SELECTOR = YES;
				GCC_WARN_UNINITIALIZED_AUTOS = YES_AGGRESSIVE;
				GCC_WARN_UNUSED_FUNCTION = YES;
				GCC_WARN_UNUSED_VARIABLE = YES;
				MACOSX_DEPLOYMENT_TARGET = 10.13;
				MTL_ENABLE_DEBUG_INFO = YES;
				ONLY_ACTIVE_ARCH = YES;
				SDKROOT = macosx;
			};
			name = Debug;
		};
		F966F7A02106463E008F4DCA /* Release */ = {
			isa = XCBuildConfiguration;
			buildSettings = {
				ALWAYS_SEARCH_USER_PATHS = NO;
				CLANG_ANALYZER_NONNULL = YES;
				CLANG_ANALYZER_NUMBER_OBJECT_CONVERSION = YES_AGGRESSIVE;
				CLANG_CXX_LANGUAGE_STANDARD = "gnu++14";
				CLANG_CXX_LIBRARY = "libc++";
				CLANG_ENABLE_MODULES = YES;
				CLANG_ENABLE_OBJC_ARC = YES;
				CLANG_ENABLE_OBJC_WEAK = YES;
				CLANG_WARN_BLOCK_CAPTURE_AUTORELEASING = YES;
				CLANG_WARN_BOOL_CONVERSION = YES;
				CLANG_WARN_COMMA = YES;
				CLANG_WARN_CONSTANT_CONVERSION = YES;
				CLANG_WARN_DEPRECATED_OBJC_IMPLEMENTATIONS = YES;
				CLANG_WARN_DIRECT_OBJC_ISA_USAGE = YES_ERROR;
				CLANG_WARN_DOCUMENTATION_COMMENTS = YES;
				CLANG_WARN_EMPTY_BODY = YES;
				CLANG_WARN_ENUM_CONVERSION = YES;
				CLANG_WARN_INFINITE_RECURSION = YES;
				CLANG_WARN_INT_CONVERSION = YES;
				CLANG_WARN_NON_LITERAL_NULL_CONVERSION = YES;
				CLANG_WARN_OBJC_IMPLICIT_RETAIN_SELF = YES;
				CLANG_WARN_OBJC_LITERAL_CONVERSION = YES;
				CLANG_WARN_OBJC_ROOT_CLASS = YES_ERROR;
				CLANG_WARN_RANGE_LOOP_ANALYSIS = YES;
				CLANG_WARN_STRICT_PROTOTYPES = YES;
				CLANG_WARN_SUSPICIOUS_MOVE = YES;
				CLANG_WARN_UNGUARDED_AVAILABILITY = YES_AGGRESSIVE;
				CLANG_WARN_UNREACHABLE_CODE = YES;
				CLANG_WARN__DUPLICATE_METHOD_MATCH = YES;
				CODE_SIGN_IDENTITY = "-";
				COPY_PHASE_STRIP = NO;
				DEBUG_INFORMATION_FORMAT = "dwarf-with-dsym";
				ENABLE_NS_ASSERTIONS = NO;
				ENABLE_STRICT_OBJC_MSGSEND = YES;
				GCC_C_LANGUAGE_STANDARD = gnu11;
				GCC_NO_COMMON_BLOCKS = YES;
				GCC_WARN_64_TO_32_BIT_CONVERSION = YES;
				GCC_WARN_ABOUT_RETURN_TYPE = YES_ERROR;
				GCC_WARN_UNDECLARED_SELECTOR = YES;
				GCC_WARN_UNINITIALIZED_AUTOS = YES_AGGRESSIVE;
				GCC_WARN_UNUSED_FUNCTION = YES;
				GCC_WARN_UNUSED_VARIABLE = YES;
				MACOSX_DEPLOYMENT_TARGET = 10.13;
				MTL_ENABLE_DEBUG_INFO = NO;
				SDKROOT = macosx;
			};
			name = Release;
		};
		F966F7A22106463E008F4DCA /* Debug */ = {
			isa = XCBuildConfiguration;
			buildSettings = {
				CODE_SIGN_STYLE = Automatic;
				PRODUCT_NAME = "$(TARGET_NAME)";
			};
			name = Debug;
		};
		F966F7A32106463E008F4DCA /* Release */ = {
			isa = XCBuildConfiguration;
			buildSettings = {
				CODE_SIGN_STYLE = Automatic;
				PRODUCT_NAME = "$(TARGET_NAME)";
			};
			name = Release;
		};
/* End XCBuildConfiguration section */

/* Begin XCConfigurationList section */
		F966F7952106463E008F4DCA /* Build configuration list for PBXProject "ms3" */ = {
			isa = XCConfigurationList;
			buildConfigurations = (
				F966F79F2106463E008F4DCA /* Debug */,
				F966F7A02106463E008F4DCA /* Release */,
			);
			defaultConfigurationIsVisible = 0;
			defaultConfigurationName = Release;
		};
		F966F7A12106463E008F4DCA /* Build configuration list for PBXNativeTarget "ms3" */ = {
			isa = XCConfigurationList;
			buildConfigurations = (
				F966F7A22106463E008F4DCA /* Debug */,
				F966F7A32106463E008F4DCA /* Release */,
			);
			defaultConfigurationIsVisible = 0;
			defaultConfigurationName = Release;
		};
/* End XCConfigurationList section */
	};
	rootObject = F966F7922106463E008F4DCA /* Project object */;
}
