// !$*UTF8*$!
{
	archiveVersion = 1;
	classes = {
	};
	objectVersion = 50;
	objects = {

/* Begin PBXBuildFile section */
		F922CE382114CE7B0020ECA2 /* ms4_tester.cpp in Sources */ = {isa = PBXBuildFile; fileRef = F922CE342114CE7B0020ECA2 /* ms4_tester.cpp */; };
		F922CE392114CE7B0020ECA2 /* Allocator.cpp in Sources */ = {isa = PBXBuildFile; fileRef = F922CE362114CE7B0020ECA2 /* Allocator.cpp */; };
		F922CE3A2114CE7B0020ECA2 /* MyProduct.cpp in Sources */ = {isa = PBXBuildFile; fileRef = F922CE372114CE7B0020ECA2 /* MyProduct.cpp */; };
/* End PBXBuildFile section */

/* Begin PBXCopyFilesBuildPhase section */
		F922CE282114CDAE0020ECA2 /* CopyFiles */ = {
			isa = PBXCopyFilesBuildPhase;
			buildActionMask = 2147483647;
			dstPath = /usr/share/man/man1/;
			dstSubfolderSpec = 0;
			files = (
			);
			runOnlyForDeploymentPostprocessing = 1;
		};
/* End PBXCopyFilesBuildPhase section */

/* Begin PBXFileReference section */
		F922CE2A2114CDAE0020ECA2 /* ms4 */ = {isa = PBXFileReference; explicitFileType = "compiled.mach-o.executable"; includeInIndex = 0; path = ms4; sourceTree = BUILT_PRODUCTS_DIR; };
		F922CE342114CE7B0020ECA2 /* ms4_tester.cpp */ = {isa = PBXFileReference; fileEncoding = 4; lastKnownFileType = sourcecode.cpp.cpp; name = ms4_tester.cpp; path = ../../ms4_tester.cpp; sourceTree = "<group>"; };
		F922CE352114CE7B0020ECA2 /* MyProduct.h */ = {isa = PBXFileReference; fileEncoding = 4; lastKnownFileType = sourcecode.c.h; name = MyProduct.h; path = ../../MyProduct.h; sourceTree = "<group>"; };
		F922CE362114CE7B0020ECA2 /* Allocator.cpp */ = {isa = PBXFileReference; fileEncoding = 4; lastKnownFileType = sourcecode.cpp.cpp; name = Allocator.cpp; path = ../../Allocator.cpp; sourceTree = "<group>"; };
		F922CE372114CE7B0020ECA2 /* MyProduct.cpp */ = {isa = PBXFileReference; fileEncoding = 4; lastKnownFileType = sourcecode.cpp.cpp; name = MyProduct.cpp; path = ../../MyProduct.cpp; sourceTree = "<group>"; };
		F922CE3B2114CF7C0020ECA2 /* iProduct.h */ = {isa = PBXFileReference; lastKnownFileType = sourcecode.c.h; name = iProduct.h; path = ../../iProduct.h; sourceTree = "<group>"; };
/* End PBXFileReference section */

/* Begin PBXFrameworksBuildPhase section */
		F922CE272114CDAE0020ECA2 /* Frameworks */ = {
			isa = PBXFrameworksBuildPhase;
			buildActionMask = 2147483647;
			files = (
			);
			runOnlyForDeploymentPostprocessing = 0;
		};
/* End PBXFrameworksBuildPhase section */

/* Begin PBXGroup section */
		F922CE212114CDAE0020ECA2 = {
			isa = PBXGroup;
			children = (
				F922CE2C2114CDAE0020ECA2 /* ms4 */,
				F922CE2B2114CDAE0020ECA2 /* Products */,
			);
			sourceTree = "<group>";
		};
		F922CE2B2114CDAE0020ECA2 /* Products */ = {
			isa = PBXGroup;
			children = (
				F922CE2A2114CDAE0020ECA2 /* ms4 */,
			);
			name = Products;
			sourceTree = "<group>";
		};
		F922CE2C2114CDAE0020ECA2 /* ms4 */ = {
			isa = PBXGroup;
			children = (
				F922CE362114CE7B0020ECA2 /* Allocator.cpp */,
				F922CE342114CE7B0020ECA2 /* ms4_tester.cpp */,
				F922CE372114CE7B0020ECA2 /* MyProduct.cpp */,
				F922CE352114CE7B0020ECA2 /* MyProduct.h */,
				F922CE3B2114CF7C0020ECA2 /* iProduct.h */,
			);
			path = ms4;
			sourceTree = "<group>";
		};
/* End PBXGroup section */

/* Begin PBXNativeTarget section */
		F922CE292114CDAE0020ECA2 /* ms4 */ = {
			isa = PBXNativeTarget;
			buildConfigurationList = F922CE312114CDAE0020ECA2 /* Build configuration list for PBXNativeTarget "ms4" */;
			buildPhases = (
				F922CE262114CDAE0020ECA2 /* Sources */,
				F922CE272114CDAE0020ECA2 /* Frameworks */,
				F922CE282114CDAE0020ECA2 /* CopyFiles */,
			);
			buildRules = (
			);
			dependencies = (
			);
			name = ms4;
			productName = ms4;
			productReference = F922CE2A2114CDAE0020ECA2 /* ms4 */;
			productType = "com.apple.product-type.tool";
		};
/* End PBXNativeTarget section */

/* Begin PBXProject section */
		F922CE222114CDAE0020ECA2 /* Project object */ = {
			isa = PBXProject;
			attributes = {
				LastUpgradeCheck = 0930;
				ORGANIZATIONNAME = mon;
				TargetAttributes = {
					F922CE292114CDAE0020ECA2 = {
						CreatedOnToolsVersion = 9.3.1;
					};
				};
			};
			buildConfigurationList = F922CE252114CDAE0020ECA2 /* Build configuration list for PBXProject "ms4" */;
			compatibilityVersion = "Xcode 9.3";
			developmentRegion = en;
			hasScannedForEncodings = 0;
			knownRegions = (
				en,
			);
			mainGroup = F922CE212114CDAE0020ECA2;
			productRefGroup = F922CE2B2114CDAE0020ECA2 /* Products */;
			projectDirPath = "";
			projectRoot = "";
			targets = (
				F922CE292114CDAE0020ECA2 /* ms4 */,
			);
		};
/* End PBXProject section */

/* Begin PBXSourcesBuildPhase section */
		F922CE262114CDAE0020ECA2 /* Sources */ = {
			isa = PBXSourcesBuildPhase;
			buildActionMask = 2147483647;
			files = (
				F922CE382114CE7B0020ECA2 /* ms4_tester.cpp in Sources */,
				F922CE392114CE7B0020ECA2 /* Allocator.cpp in Sources */,
				F922CE3A2114CE7B0020ECA2 /* MyProduct.cpp in Sources */,
			);
			runOnlyForDeploymentPostprocessing = 0;
		};
/* End PBXSourcesBuildPhase section */

/* Begin XCBuildConfiguration section */
		F922CE2F2114CDAE0020ECA2 /* Debug */ = {
			isa = XCBuildConfiguration;
			buildSettings = {
				ALWAYS_SEARCH_USER_PATHS = NO;
				CLANG_ANALYZER_NONNULL = YES;
				CLANG_ANALYZER_NUMBER_OBJECT_CONVERSION = YES_AGGRESSIVE;
				CLANG_CXX_LANGUAGE_STANDARD = "gnu++14";
				CLANG_CXX_LIBRARY = "libc++";
				CLANG_ENABLE_MODULES = YES;
				CLANG_ENABLE_OBJC_ARC = YES;
				CLANG_ENABLE_OBJC_WEAK = YES;
				CLANG_WARN_BLOCK_CAPTURE_AUTORELEASING = YES;
				CLANG_WARN_BOOL_CONVERSION = YES;
				CLANG_WARN_COMMA = YES;
				CLANG_WARN_CONSTANT_CONVERSION = YES;
				CLANG_WARN_DEPRECATED_OBJC_IMPLEMENTATIONS = YES;
				CLANG_WARN_DIRECT_OBJC_ISA_USAGE = YES_ERROR;
				CLANG_WARN_DOCUMENTATION_COMMENTS = YES;
				CLANG_WARN_EMPTY_BODY = YES;
				CLANG_WARN_ENUM_CONVERSION = YES;
				CLANG_WARN_INFINITE_RECURSION = YES;
				CLANG_WARN_INT_CONVERSION = YES;
				CLANG_WARN_NON_LITERAL_NULL_CONVERSION = YES;
				CLANG_WARN_OBJC_IMPLICIT_RETAIN_SELF = YES;
				CLANG_WARN_OBJC_LITERAL_CONVERSION = YES;
				CLANG_WARN_OBJC_ROOT_CLASS = YES_ERROR;
				CLANG_WARN_RANGE_LOOP_ANALYSIS = YES;
				CLANG_WARN_STRICT_PROTOTYPES = YES;
				CLANG_WARN_SUSPICIOUS_MOVE = YES;
				CLANG_WARN_UNGUARDED_AVAILABILITY = YES_AGGRESSIVE;
				CLANG_WARN_UNREACHABLE_CODE = YES;
				CLANG_WARN__DUPLICATE_METHOD_MATCH = YES;
				CODE_SIGN_IDENTITY = "-";
				COPY_PHASE_STRIP = NO;
				DEBUG_INFORMATION_FORMAT = dwarf;
				ENABLE_STRICT_OBJC_MSGSEND = YES;
				ENABLE_TESTABILITY = YES;
				GCC_C_LANGUAGE_STANDARD = gnu11;
				GCC_DYNAMIC_NO_PIC = NO;
				GCC_NO_COMMON_BLOCKS = YES;
				GCC_OPTIMIZATION_LEVEL = 0;
				GCC_PREPROCESSOR_DEFINITIONS = (
					"DEBUG=1",
					"$(inherited)",
				);
				GCC_WARN_64_TO_32_BIT_CONVERSION = YES;
				GCC_WARN_ABOUT_RETURN_TYPE = YES_ERROR;
				GCC_WARN_UNDECLARED_SELECTOR = YES;
				GCC_WARN_UNINITIALIZED_AUTOS = YES_AGGRESSIVE;
				GCC_WARN_UNUSED_FUNCTION = YES;
				GCC_WARN_UNUSED_VARIABLE = YES;
				MACOSX_DEPLOYMENT_TARGET = 10.13;
				MTL_ENABLE_DEBUG_INFO = YES;
				ONLY_ACTIVE_ARCH = YES;
				SDKROOT = macosx;
			};
			name = Debug;
		};
		F922CE302114CDAE0020ECA2 /* Release */ = {
			isa = XCBuildConfiguration;
			buildSettings = {
				ALWAYS_SEARCH_USER_PATHS = NO;
				CLANG_ANALYZER_NONNULL = YES;
				CLANG_ANALYZER_NUMBER_OBJECT_CONVERSION = YES_AGGRESSIVE;
				CLANG_CXX_LANGUAGE_STANDARD = "gnu++14";
				CLANG_CXX_LIBRARY = "libc++";
				CLANG_ENABLE_MODULES = YES;
				CLANG_ENABLE_OBJC_ARC = YES;
				CLANG_ENABLE_OBJC_WEAK = YES;
				CLANG_WARN_BLOCK_CAPTURE_AUTORELEASING = YES;
				CLANG_WARN_BOOL_CONVERSION = YES;
				CLANG_WARN_COMMA = YES;
				CLANG_WARN_CONSTANT_CONVERSION = YES;
				CLANG_WARN_DEPRECATED_OBJC_IMPLEMENTATIONS = YES;
				CLANG_WARN_DIRECT_OBJC_ISA_USAGE = YES_ERROR;
				CLANG_WARN_DOCUMENTATION_COMMENTS = YES;
				CLANG_WARN_EMPTY_BODY = YES;
				CLANG_WARN_ENUM_CONVERSION = YES;
				CLANG_WARN_INFINITE_RECURSION = YES;
				CLANG_WARN_INT_CONVERSION = YES;
				CLANG_WARN_NON_LITERAL_NULL_CONVERSION = YES;
				CLANG_WARN_OBJC_IMPLICIT_RETAIN_SELF = YES;
				CLANG_WARN_OBJC_LITERAL_CONVERSION = YES;
				CLANG_WARN_OBJC_ROOT_CLASS = YES_ERROR;
				CLANG_WARN_RANGE_LOOP_ANALYSIS = YES;
				CLANG_WARN_STRICT_PROTOTYPES = YES;
				CLANG_WARN_SUSPICIOUS_MOVE = YES;
				CLANG_WARN_UNGUARDED_AVAILABILITY = YES_AGGRESSIVE;
				CLANG_WARN_UNREACHABLE_CODE = YES;
				CLANG_WARN__DUPLICATE_METHOD_MATCH = YES;
				CODE_SIGN_IDENTITY = "-";
				COPY_PHASE_STRIP = NO;
				DEBUG_INFORMATION_FORMAT = "dwarf-with-dsym";
				ENABLE_NS_ASSERTIONS = NO;
				ENABLE_STRICT_OBJC_MSGSEND = YES;
				GCC_C_LANGUAGE_STANDARD = gnu11;
				GCC_NO_COMMON_BLOCKS = YES;
				GCC_WARN_64_TO_32_BIT_CONVERSION = YES;
				GCC_WARN_ABOUT_RETURN_TYPE = YES_ERROR;
				GCC_WARN_UNDECLARED_SELECTOR = YES;
				GCC_WARN_UNINITIALIZED_AUTOS = YES_AGGRESSIVE;
				GCC_WARN_UNUSED_FUNCTION = YES;
				GCC_WARN_UNUSED_VARIABLE = YES;
				MACOSX_DEPLOYMENT_TARGET = 10.13;
				MTL_ENABLE_DEBUG_INFO = NO;
				SDKROOT = macosx;
			};
			name = Release;
		};
		F922CE322114CDAE0020ECA2 /* Debug */ = {
			isa = XCBuildConfiguration;
			buildSettings = {
				CODE_SIGN_STYLE = Automatic;
				PRODUCT_NAME = "$(TARGET_NAME)";
			};
			name = Debug;
		};
		F922CE332114CDAE0020ECA2 /* Release */ = {
			isa = XCBuildConfiguration;
			buildSettings = {
				CODE_SIGN_STYLE = Automatic;
				PRODUCT_NAME = "$(TARGET_NAME)";
			};
			name = Release;
		};
/* End XCBuildConfiguration section */

/* Begin XCConfigurationList section */
		F922CE252114CDAE0020ECA2 /* Build configuration list for PBXProject "ms4" */ = {
			isa = XCConfigurationList;
			buildConfigurations = (
				F922CE2F2114CDAE0020ECA2 /* Debug */,
				F922CE302114CDAE0020ECA2 /* Release */,
			);
			defaultConfigurationIsVisible = 0;
			defaultConfigurationName = Release;
		};
		F922CE312114CDAE0020ECA2 /* Build configuration list for PBXNativeTarget "ms4" */ = {
			isa = XCConfigurationList;
			buildConfigurations = (
				F922CE322114CDAE0020ECA2 /* Debug */,
				F922CE332114CDAE0020ECA2 /* Release */,
			);
			defaultConfigurationIsVisible = 0;
			defaultConfigurationName = Release;
		};
/* End XCConfigurationList section */
	};
	rootObject = F922CE222114CDAE0020ECA2 /* Project object */;
}
